
Microsoft Visual Studio Solution File, Format Version 12.00
# Visual Studio Version 17
VisualStudioVersion = 17.9.34728.123
MinimumVisualStudioVersion = 10.0.40219.1
Project("{9A19103F-16F7-4668-BE54-9A1E7A4F7556}") = "Final", "Final\Final.csproj", "{1E1F8E80-906B-40BD-AB7B-AF9457EDF2B5}"
EndProject
Global
	GlobalSection(SolutionConfigurationPlatforms) = preSolution
		Debug|Any CPU = Debug|Any CPU
		Release|Any CPU = Release|Any CPU
	EndGlobalSection
	GlobalSection(ProjectConfigurationPlatforms) = postSolution
		{1E1F8E80-906B-40BD-AB7B-AF9457EDF2B5}.Debug|Any CPU.ActiveCfg = Debug|Any CPU
		{1E1F8E80-906B-40BD-AB7B-AF9457EDF2B5}.Debug|Any CPU.Build.0 = Debug|Any CPU
		{1E1F8E80-906B-40BD-AB7B-AF9457EDF2B5}.Debug|Any CPU.Deploy.0 = Debug|Any CPU
		{1E1F8E80-906B-40BD-AB7B-AF9457EDF2B5}.Release|Any CPU.ActiveCfg = Release|Any CPU
		{1E1F8E80-906B-40BD-AB7B-AF9457EDF2B5}.Release|Any CPU.Build.0 = Release|Any CPU
		{1E1F8E80-906B-40BD-AB7B-AF9457EDF2B5}.Release|Any CPU.Deploy.0 = Release|Any CPU
	EndGlobalSection
	GlobalSection(SolutionProperties) = preSolution
		HideSolutionNode = FALSE
	EndGlobalSection
	GlobalSection(ExtensibilityGlobals) = postSolution
		SolutionGuid = {E9224BFD-8003-4D28-A6CF-A2A3ED2D6B95}
	EndGlobalSection
EndGlobal
